
Microsoft Visual Studio Solution File, Format Version 12.00
# Visual Studio 2013
VisualStudioVersion = 12.0.31101.0
MinimumVisualStudioVersion = 10.0.40219.1
Project("{8BC9CEB8-8B4A-11D0-8D11-00A0C91BC942}") = "ConsoleApplication1", "ConsoleApplication1\ConsoleApplication1.vcxproj", "{FC30ADD4-A214-4FB2-9291-740121DF6C67}"
EndProject
Global
	GlobalSection(SolutionConfigurationPlatforms) = preSolution
		Debug|Win32 = Debug|Win32
		Release|Win32 = Release|Win32
	EndGlobalSection
	GlobalSection(ProjectConfigurationPlatforms) = postSolution
		{FC30ADD4-A214-4FB2-9291-740121DF6C67}.Debug|Win32.ActiveCfg = Debug|Win32
		{FC30ADD4-A214-4FB2-9291-740121DF6C67}.Debug|Win32.Build.0 = Debug|Win32
		{FC30ADD4-A214-4FB2-9291-740121DF6C67}.Release|Win32.ActiveCfg = Release|Win32
		{FC30ADD4-A214-4FB2-9291-740121DF6C67}.Release|Win32.Build.0 = Release|Win32
	EndGlobalSection
	GlobalSection(SolutionProperties) = preSolution
		HideSolutionNode = FALSE
	EndGlobalSection
EndGlobal
